
Microsoft Visual Studio Solution File, Format Version 12.00
# Visual Studio Version 17
VisualStudioVersion = 17.14.36429.23 d17.14
MinimumVisualStudioVersion = 10.0.40219.1
Project("{FAE04EC0-301F-11D3-BF4B-00C04F79EFBC}") = "ProyectoTachi", "ProyectoTachi\ProyectoTachi.csproj", "{4738A46A-1AEB-4236-82C3-DB38303BCBCF}"
EndProject
Global
	GlobalSection(SolutionConfigurationPlatforms) = preSolution
		Debug|Any CPU = Debug|Any CPU
		Release|Any CPU = Release|Any CPU
	EndGlobalSection
	GlobalSection(ProjectConfigurationPlatforms) = postSolution
		{4738A46A-1AEB-4236-82C3-DB38303BCBCF}.Debug|Any CPU.ActiveCfg = Debug|Any CPU
		{4738A46A-1AEB-4236-82C3-DB38303BCBCF}.Debug|Any CPU.Build.0 = Debug|Any CPU
		{4738A46A-1AEB-4236-82C3-DB38303BCBCF}.Release|Any CPU.ActiveCfg = Release|Any CPU
		{4738A46A-1AEB-4236-82C3-DB38303BCBCF}.Release|Any CPU.Build.0 = Release|Any CPU
	EndGlobalSection
	GlobalSection(SolutionProperties) = preSolution
		HideSolutionNode = FALSE
	EndGlobalSection
	GlobalSection(ExtensibilityGlobals) = postSolution
		SolutionGuid = {CCFCA0B7-EF6C-44BA-8808-93D995E165D9}
	EndGlobalSection
EndGlobal
